{
  "name": "iostest",
  "version": "1.0.0",
  "lockfileVersion": 1,
  "requires": true,
  "dependencies": {
    "object-assign": {
      "version": "4.1.1",
      "resolved": "https://registry.npm.taobao.org/object-assign/download/object-assign-4.1.1.tgz",
      "integrity": "sha1-IQmtx5ZYh8/AXLvUQsrIv7s2CGM="
    },
    "opn": {
      "version": "4.0.0",
      "resolved": "https://registry.npm.taobao.org/opn/download/opn-4.0.0.tgz?cache=0&other_urls=https%3A%2F%2Fregistry.npm.taobao.org%2Fopn%2Fdownload%2Fopn-4.0.0.tgz",
      "integrity": "sha1-z4zk4QTBT4fSAVbBeSKHbNoJv3k=",
      "requires": {
        "object-assign": "^4.0.1",
        "pinkie-promise": "^2.0.0"
      }
    },
    "pinkie": {
      "version": "2.0.4",
      "resolved": "https://registry.npm.taobao.org/pinkie/download/pinkie-2.0.4.tgz",
      "integrity": "sha1-clVrgM+g1IqXToDnckjoDtT3+HA="
    },
    "pinkie-promise": {
      "version": "2.0.1",
      "resolved": "https://registry.npm.taobao.org/pinkie-promise/download/pinkie-promise-2.0.1.tgz",
      "integrity": "sha1-ITXW36ejWMBprJsXh3YogihFD/o=",
      "requires": {
        "pinkie": "^2.0.0"
      }
    }
  }
}
